# This file is generated by running "yarn install" inside your project.
# Manual changes might be lost - proceed with caution!

__metadata:
  version: 6
  cacheKey: 8

"@remix-run/router@npm:1.1.0":
  version: 1.1.0
  resolution: "@remix-run/router@npm:1.1.0"
  checksum: 18e28668c3cbb848ed5a82ce598d55304edecd737ee3c573f0d4f391f3ceca5818702c5078b613f5d98ce25aef5273a2aa6c26395b7790800e03d8ab7cf808ea
  languageName: node
  linkType: hard

"@types/prop-types@npm:*":
  version: 15.7.5
  resolution: "@types/prop-types@npm:15.7.5"
  checksum: 5b43b8b15415e1f298243165f1d44390403bb2bd42e662bca3b5b5633fdd39c938e91b7fce3a9483699db0f7a715d08cef220c121f723a634972fdf596aec980
  languageName: node
  linkType: hard

"@types/react@npm:^18.0.26":
  version: 18.0.26
  resolution: "@types/react@npm:18.0.26"
  dependencies:
    "@types/prop-types": "*"
    "@types/scheduler": "*"
    csstype: ^3.0.2
  checksum: b62f0ea3cdfa68e106391728325057ad36f1bde7ba2dfae029472c47e01e482bc77c6ba4f1dad59f3f04ee81cb597618ff7c30a33c157c0a20462b6dd6aa2d4d
  languageName: node
  linkType: hard

"@types/scheduler@npm:*":
  version: 0.16.2
  resolution: "@types/scheduler@npm:0.16.2"
  checksum: b6b4dcfeae6deba2e06a70941860fb1435730576d3689225a421280b7742318d1548b3d22c1f66ab68e414f346a9542f29240bc955b6332c5b11e561077583bc
  languageName: node
  linkType: hard

"csstype@npm:^3.0.2":
  version: 3.1.1
  resolution: "csstype@npm:3.1.1"
  checksum: 1f7b4f5fdd955b7444b18ebdddf3f5c699159f13e9cf8ac9027ae4a60ae226aef9bbb14a6e12ca7dba3358b007cee6354b116e720262867c398de6c955ea451d
  languageName: node
  linkType: hard

"js-tokens@npm:^3.0.0 || ^4.0.0":
  version: 4.0.0
  resolution: "js-tokens@npm:4.0.0"
  checksum: 8a95213a5a77deb6cbe94d86340e8d9ace2b93bc367790b260101d2f36a2eaf4e4e22d9fa9cf459b38af3a32fb4190e638024cf82ec95ef708680e405ea7cc78
  languageName: node
  linkType: hard

"loose-envify@npm:^1.1.0":
  version: 1.4.0
  resolution: "loose-envify@npm:1.4.0"
  dependencies:
    js-tokens: ^3.0.0 || ^4.0.0
  bin:
    loose-envify: cli.js
  checksum: 6517e24e0cad87ec9888f500c5b5947032cdfe6ef65e1c1936a0c48a524b81e65542c9c3edc91c97d5bddc806ee2a985dbc79be89215d613b1de5db6d1cfe6f4
  languageName: node
  linkType: hard

"npm-pack@workspace:.":
  version: 0.0.0-use.local
  resolution: "npm-pack@workspace:."
  dependencies:
    "@types/react": ^18.0.26
    react: ^18.2.0
    react-router-dom: ^6.5.0
    react-router-typing: ^0.0.1
    typescript: ^4.9.4
  languageName: unknown
  linkType: soft

"react-router-dom@npm:^6.5.0":
  version: 6.5.0
  resolution: "react-router-dom@npm:6.5.0"
  dependencies:
    "@remix-run/router": 1.1.0
    react-router: 6.5.0
  peerDependencies:
    react: ">=16.8"
    react-dom: ">=16.8"
  checksum: b428d3cfd5d7c95caac6130f6814a619c82b26c2c1de49a7bcf6062f5d3fe873eb405cca0732440b961f34d87633951a65f682bece7f55096775e6a456dc7671
  languageName: node
  linkType: hard

"react-router-typing@npm:^0.0.1":
  version: 0.0.1
  resolution: "react-router-typing@npm:0.0.1"
  peerDependencies:
    "@types/react": "*"
    react-router-dom: ^6.4.0
  checksum: d94419edbd7ac72e1b945562850e1cfcdf2da3b15fe80799f386c4e774804ae3e39a7ddd4a54d388e535f4cac9a88e61d7242b5fcc932790b8ba4ce2771b0bed
  languageName: node
  linkType: hard

"react-router@npm:6.5.0":
  version: 6.5.0
  resolution: "react-router@npm:6.5.0"
  dependencies:
    "@remix-run/router": 1.1.0
  peerDependencies:
    react: ">=16.8"
  checksum: f1f43361e3c7cfc04c92812362f36fb42609cc93ee6625afc18aff76a92534d1066261c0714d75b8f98b673933247eb743129c90babe684d6ad844574024ad07
  languageName: node
  linkType: hard

"react@npm:^18.2.0":
  version: 18.2.0
  resolution: "react@npm:18.2.0"
  dependencies:
    loose-envify: ^1.1.0
  checksum: 88e38092da8839b830cda6feef2e8505dec8ace60579e46aa5490fc3dc9bba0bd50336507dc166f43e3afc1c42939c09fe33b25fae889d6f402721dcd78fca1b
  languageName: node
  linkType: hard

"typescript@npm:^4.9.4":
  version: 4.9.4
  resolution: "typescript@npm:4.9.4"
  bin:
    tsc: bin/tsc
    tsserver: bin/tsserver
  checksum: e782fb9e0031cb258a80000f6c13530288c6d63f1177ed43f770533fdc15740d271554cdae86701c1dd2c83b082cea808b07e97fd68b38a172a83dbf9e0d0ef9
  languageName: node
  linkType: hard

"typescript@patch:typescript@^4.9.4#~builtin<compat/typescript>":
  version: 4.9.4
  resolution: "typescript@patch:typescript@npm%3A4.9.4#~builtin<compat/typescript>::version=4.9.4&hash=d73830"
  bin:
    tsc: bin/tsc
    tsserver: bin/tsserver
  checksum: 37f6e2c3c5e2aa5934b85b0fddbf32eeac8b1bacf3a5b51d01946936d03f5377fe86255d4e5a4ae628fd0cd553386355ad362c57f13b4635064400f3e8e05b9d
  languageName: node
  linkType: hard
